// !$*UTF8*$!
{
	archiveVersion = 1;
	classes = {
	};
	objectVersion = 46;
	objects = {

/* Begin PBXBuildFile section */
		04059F341A005DC300B6F19C /* DirectionSetTests.m in Sources */ = {isa = PBXBuildFile; fileRef = 04059F331A005DC300B6F19C /* DirectionSetTests.m */; };
		040FD9B519FEEDD000BA1E9A /* DirectionSet.m in Sources */ = {isa = PBXBuildFile; fileRef = 040FD9B419FEEDD000BA1E9A /* DirectionSet.m */; };
		040FD9B619FEEDD000BA1E9A /* DirectionSet.m in Sources */ = {isa = PBXBuildFile; fileRef = 040FD9B419FEEDD000BA1E9A /* DirectionSet.m */; };
		046FB23D1A01FC670038BE05 /* DirectionsViewController.m in Sources */ = {isa = PBXBuildFile; fileRef = 046FB23C1A01FC670038BE05 /* DirectionsViewController.m */; };
		048EA73619FC58FE00A98417 /* main.m in Sources */ = {isa = PBXBuildFile; fileRef = 048EA73519FC58FE00A98417 /* main.m */; };
		048EA73919FC58FE00A98417 /* AppDelegate.m in Sources */ = {isa = PBXBuildFile; fileRef = 048EA73819FC58FE00A98417 /* AppDelegate.m */; };
		048EA73F19FC58FE00A98417 /* Main.storyboard in Resources */ = {isa = PBXBuildFile; fileRef = 048EA73D19FC58FE00A98417 /* Main.storyboard */; };
		048EA74119FC58FE00A98417 /* Images.xcassets in Resources */ = {isa = PBXBuildFile; fileRef = 048EA74019FC58FE00A98417 /* Images.xcassets */; };
		048EA74419FC58FE00A98417 /* LaunchScreen.xib in Resources */ = {isa = PBXBuildFile; fileRef = 048EA74219FC58FE00A98417 /* LaunchScreen.xib */; };
		048EA75019FC58FE00A98417 /* Petulant_AdventureTests.m in Sources */ = {isa = PBXBuildFile; fileRef = 048EA74F19FC58FE00A98417 /* Petulant_AdventureTests.m */; };
		04A409801A001B4C0082889E /* GameCenterController.m in Sources */ = {isa = PBXBuildFile; fileRef = 04A4097F1A001B4C0082889E /* GameCenterController.m */; };
		04A409821A0023B50082889E /* GameKit.framework in Frameworks */ = {isa = PBXBuildFile; fileRef = 04A409811A0023B50082889E /* GameKit.framework */; };
		04A409881A002CF50082889E /* Player.m in Sources */ = {isa = PBXBuildFile; fileRef = 04A409871A002CF50082889E /* Player.m */; };
		04A4098B1A00307F0082889E /* LocationManager.m in Sources */ = {isa = PBXBuildFile; fileRef = 04A4098A1A00307F0082889E /* LocationManager.m */; };
		04B6741719FF62C700216D10 /* HomeViewController.m in Sources */ = {isa = PBXBuildFile; fileRef = 04B6741619FF62C700216D10 /* HomeViewController.m */; };
		04B6741A19FF62E400216D10 /* RaceLobbyViewController.m in Sources */ = {isa = PBXBuildFile; fileRef = 04B6741919FF62E400216D10 /* RaceLobbyViewController.m */; };
		04B6741D19FF62F700216D10 /* CountdownViewController.m in Sources */ = {isa = PBXBuildFile; fileRef = 04B6741C19FF62F700216D10 /* CountdownViewController.m */; };
		04B6742019FF631700216D10 /* FinishLineViewController.m in Sources */ = {isa = PBXBuildFile; fileRef = 04B6741F19FF631700216D10 /* FinishLineViewController.m */; };
		04B6742319FF632900216D10 /* RaceViewController.m in Sources */ = {isa = PBXBuildFile; fileRef = 04B6742219FF632900216D10 /* RaceViewController.m */; };
		04DF357019FFFEA7005A07C0 /* RaceController.m in Sources */ = {isa = PBXBuildFile; fileRef = 04DF356F19FFFEA7005A07C0 /* RaceController.m */; };
		04DF357119FFFEA7005A07C0 /* RaceController.m in Sources */ = {isa = PBXBuildFile; fileRef = 04DF356F19FFFEA7005A07C0 /* RaceController.m */; };
		267D9AAA5AAE821B67D3B21F /* libPods-Petulant Adventure.a in Frameworks */ = {isa = PBXBuildFile; fileRef = F80CA85EFCD593BF885A2E7A /* libPods-Petulant Adventure.a */; };
		CBF4ACFD84ECF8AFC5D67975 /* libPods-Petulant AdventureTests.a in Frameworks */ = {isa = PBXBuildFile; fileRef = E310B610CD9775C9DBB3D8DB /* libPods-Petulant AdventureTests.a */; };
/* End PBXBuildFile section */

/* Begin PBXContainerItemProxy section */
		048EA74A19FC58FE00A98417 /* PBXContainerItemProxy */ = {
			isa = PBXContainerItemProxy;
			containerPortal = 048EA72819FC58FE00A98417 /* Project object */;
			proxyType = 1;
			remoteGlobalIDString = 048EA72F19FC58FE00A98417;
			remoteInfo = "Petulant Adventure";
		};
/* End PBXContainerItemProxy section */

/* Begin PBXFileReference section */
		04059F331A005DC300B6F19C /* DirectionSetTests.m */ = {isa = PBXFileReference; fileEncoding = 4; lastKnownFileType = sourcecode.c.objc; name = DirectionSetTests.m; path = "../Petulant Adventure/DirectionSetTests.m"; sourceTree = "<group>"; };
		04059F371A00760A00B6F19C /* RaceDelegate.h */ = {isa = PBXFileReference; fileEncoding = 4; lastKnownFileType = sourcecode.c.h; path = RaceDelegate.h; sourceTree = "<group>"; };
		040FD9B219FEE6A200BA1E9A /* APIData.h */ = {isa = PBXFileReference; fileEncoding = 4; lastKnownFileType = sourcecode.c.h; path = APIData.h; sourceTree = "<group>"; };
		040FD9B319FEEDD000BA1E9A /* DirectionSet.h */ = {isa = PBXFileReference; fileEncoding = 4; lastKnownFileType = sourcecode.c.h; path = DirectionSet.h; sourceTree = "<group>"; };
		040FD9B419FEEDD000BA1E9A /* DirectionSet.m */ = {isa = PBXFileReference; fileEncoding = 4; lastKnownFileType = sourcecode.c.objc; path = DirectionSet.m; sourceTree = "<group>"; };
		046FB23B1A01FC670038BE05 /* DirectionsViewController.h */ = {isa = PBXFileReference; fileEncoding = 4; lastKnownFileType = sourcecode.c.h; path = DirectionsViewController.h; sourceTree = "<group>"; };
		046FB23C1A01FC670038BE05 /* DirectionsViewController.m */ = {isa = PBXFileReference; fileEncoding = 4; lastKnownFileType = sourcecode.c.objc; path = DirectionsViewController.m; sourceTree = "<group>"; };
		048CB3471A00B49F00CB2F44 /* DirectionsReceiver.h */ = {isa = PBXFileReference; fileEncoding = 4; lastKnownFileType = sourcecode.c.h; path = DirectionsReceiver.h; sourceTree = "<group>"; };
		048D9E4B1A01D96E00E4BF61 /* MatchmakingDelegate.h */ = {isa = PBXFileReference; fileEncoding = 4; lastKnownFileType = sourcecode.c.h; path = MatchmakingDelegate.h; sourceTree = "<group>"; };
		048EA73019FC58FE00A98417 /* Petulant Adventure.app */ = {isa = PBXFileReference; explicitFileType = wrapper.application; includeInIndex = 0; path = "Petulant Adventure.app"; sourceTree = BUILT_PRODUCTS_DIR; };
		048EA73419FC58FE00A98417 /* Info.plist */ = {isa = PBXFileReference; lastKnownFileType = text.plist.xml; path = Info.plist; sourceTree = "<group>"; };
		048EA73519FC58FE00A98417 /* main.m */ = {isa = PBXFileReference; lastKnownFileType = sourcecode.c.objc; path = main.m; sourceTree = "<group>"; };
		048EA73719FC58FE00A98417 /* AppDelegate.h */ = {isa = PBXFileReference; lastKnownFileType = sourcecode.c.h; path = AppDelegate.h; sourceTree = "<group>"; };
		048EA73819FC58FE00A98417 /* AppDelegate.m */ = {isa = PBXFileReference; lastKnownFileType = sourcecode.c.objc; path = AppDelegate.m; sourceTree = "<group>"; };
		048EA73E19FC58FE00A98417 /* Base */ = {isa = PBXFileReference; lastKnownFileType = file.storyboard; name = Base; path = Base.lproj/Main.storyboard; sourceTree = "<group>"; };
		048EA74019FC58FE00A98417 /* Images.xcassets */ = {isa = PBXFileReference; lastKnownFileType = folder.assetcatalog; path = Images.xcassets; sourceTree = "<group>"; };
		048EA74319FC58FE00A98417 /* Base */ = {isa = PBXFileReference; lastKnownFileType = file.xib; name = Base; path = Base.lproj/LaunchScreen.xib; sourceTree = "<group>"; };
		048EA74919FC58FE00A98417 /* Petulant AdventureTests.xctest */ = {isa = PBXFileReference; explicitFileType = wrapper.cfbundle; includeInIndex = 0; path = "Petulant AdventureTests.xctest"; sourceTree = BUILT_PRODUCTS_DIR; };
		048EA74E19FC58FE00A98417 /* Info.plist */ = {isa = PBXFileReference; lastKnownFileType = text.plist.xml; path = Info.plist; sourceTree = "<group>"; };
		048EA74F19FC58FE00A98417 /* Petulant_AdventureTests.m */ = {isa = PBXFileReference; lastKnownFileType = sourcecode.c.objc; path = Petulant_AdventureTests.m; sourceTree = "<group>"; };
		04A4097E1A001B4C0082889E /* GameCenterController.h */ = {isa = PBXFileReference; fileEncoding = 4; lastKnownFileType = sourcecode.c.h; path = GameCenterController.h; sourceTree = "<group>"; };
		04A4097F1A001B4C0082889E /* GameCenterController.m */ = {isa = PBXFileReference; fileEncoding = 4; lastKnownFileType = sourcecode.c.objc; path = GameCenterController.m; sourceTree = "<group>"; };
		04A409811A0023B50082889E /* GameKit.framework */ = {isa = PBXFileReference; lastKnownFileType = wrapper.framework; name = GameKit.framework; path = System/Library/Frameworks/GameKit.framework; sourceTree = SDKROOT; };
		04A409851A0029830082889E /* RaceMapViewDelegate.h */ = {isa = PBXFileReference; fileEncoding = 4; lastKnownFileType = sourcecode.c.h; path = RaceMapViewDelegate.h; sourceTree = "<group>"; };
		04A409861A002CF50082889E /* Player.h */ = {isa = PBXFileReference; fileEncoding = 4; lastKnownFileType = sourcecode.c.h; path = Player.h; sourceTree = "<group>"; };
		04A409871A002CF50082889E /* Player.m */ = {isa = PBXFileReference; fileEncoding = 4; lastKnownFileType = sourcecode.c.objc; path = Player.m; sourceTree = "<group>"; };
		04A409891A00307F0082889E /* LocationManager.h */ = {isa = PBXFileReference; fileEncoding = 4; lastKnownFileType = sourcecode.c.h; path = LocationManager.h; sourceTree = "<group>"; };
		04A4098A1A00307F0082889E /* LocationManager.m */ = {isa = PBXFileReference; fileEncoding = 4; lastKnownFileType = sourcecode.c.objc; path = LocationManager.m; sourceTree = "<group>"; };
		04B6741519FF62C700216D10 /* HomeViewController.h */ = {isa = PBXFileReference; fileEncoding = 4; lastKnownFileType = sourcecode.c.h; path = HomeViewController.h; sourceTree = "<group>"; };
		04B6741619FF62C700216D10 /* HomeViewController.m */ = {isa = PBXFileReference; fileEncoding = 4; lastKnownFileType = sourcecode.c.objc; path = HomeViewController.m; sourceTree = "<group>"; };
		04B6741819FF62E400216D10 /* RaceLobbyViewController.h */ = {isa = PBXFileReference; fileEncoding = 4; lastKnownFileType = sourcecode.c.h; path = RaceLobbyViewController.h; sourceTree = "<group>"; };
		04B6741919FF62E400216D10 /* RaceLobbyViewController.m */ = {isa = PBXFileReference; fileEncoding = 4; lastKnownFileType = sourcecode.c.objc; path = RaceLobbyViewController.m; sourceTree = "<group>"; };
		04B6741B19FF62F700216D10 /* CountdownViewController.h */ = {isa = PBXFileReference; fileEncoding = 4; lastKnownFileType = sourcecode.c.h; path = CountdownViewController.h; sourceTree = "<group>"; };
		04B6741C19FF62F700216D10 /* CountdownViewController.m */ = {isa = PBXFileReference; fileEncoding = 4; lastKnownFileType = sourcecode.c.objc; path = CountdownViewController.m; sourceTree = "<group>"; };
		04B6741E19FF631700216D10 /* FinishLineViewController.h */ = {isa = PBXFileReference; fileEncoding = 4; lastKnownFileType = sourcecode.c.h; path = FinishLineViewController.h; sourceTree = "<group>"; };
		04B6741F19FF631700216D10 /* FinishLineViewController.m */ = {isa = PBXFileReference; fileEncoding = 4; lastKnownFileType = sourcecode.c.objc; path = FinishLineViewController.m; sourceTree = "<group>"; };
		04B6742119FF632900216D10 /* RaceViewController.h */ = {isa = PBXFileReference; fileEncoding = 4; lastKnownFileType = sourcecode.c.h; path = RaceViewController.h; sourceTree = "<group>"; };
		04B6742219FF632900216D10 /* RaceViewController.m */ = {isa = PBXFileReference; fileEncoding = 4; lastKnownFileType = sourcecode.c.objc; path = RaceViewController.m; sourceTree = "<group>"; };
		04BA7389E57278FFC187BA58 /* Pods-Petulant AdventureTests.debug.xcconfig */ = {isa = PBXFileReference; includeInIndex = 1; lastKnownFileType = text.xcconfig; name = "Pods-Petulant AdventureTests.debug.xcconfig"; path = "Pods/Target Support Files/Pods-Petulant AdventureTests/Pods-Petulant AdventureTests.debug.xcconfig"; sourceTree = "<group>"; };
		04DF356E19FFFEA7005A07C0 /* RaceController.h */ = {isa = PBXFileReference; fileEncoding = 4; lastKnownFileType = sourcecode.c.h; path = RaceController.h; sourceTree = "<group>"; };
		04DF356F19FFFEA7005A07C0 /* RaceController.m */ = {isa = PBXFileReference; fileEncoding = 4; lastKnownFileType = sourcecode.c.objc; path = RaceController.m; sourceTree = "<group>"; };
		04F3E0231A0158D500243F1C /* LocationReceiver.h */ = {isa = PBXFileReference; fileEncoding = 4; lastKnownFileType = sourcecode.c.h; path = LocationReceiver.h; sourceTree = "<group>"; };
		5409F9C116721108114BBC8E /* Pods-Petulant Adventure.debug.xcconfig */ = {isa = PBXFileReference; includeInIndex = 1; lastKnownFileType = text.xcconfig; name = "Pods-Petulant Adventure.debug.xcconfig"; path = "Pods/Target Support Files/Pods-Petulant Adventure/Pods-Petulant Adventure.debug.xcconfig"; sourceTree = "<group>"; };
		8514AD90D02CD6CED5F868C8 /* Pods-Petulant Adventure.release.xcconfig */ = {isa = PBXFileReference; includeInIndex = 1; lastKnownFileType = text.xcconfig; name = "Pods-Petulant Adventure.release.xcconfig"; path = "Pods/Target Support Files/Pods-Petulant Adventure/Pods-Petulant Adventure.release.xcconfig"; sourceTree = "<group>"; };
		A98139B4FC886145AFC29C66 /* Pods-Petulant AdventureTests.release.xcconfig */ = {isa = PBXFileReference; includeInIndex = 1; lastKnownFileType = text.xcconfig; name = "Pods-Petulant AdventureTests.release.xcconfig"; path = "Pods/Target Support Files/Pods-Petulant AdventureTests/Pods-Petulant AdventureTests.release.xcconfig"; sourceTree = "<group>"; };
		E310B610CD9775C9DBB3D8DB /* libPods-Petulant AdventureTests.a */ = {isa = PBXFileReference; explicitFileType = archive.ar; includeInIndex = 0; path = "libPods-Petulant AdventureTests.a"; sourceTree = BUILT_PRODUCTS_DIR; };
		F80CA85EFCD593BF885A2E7A /* libPods-Petulant Adventure.a */ = {isa = PBXFileReference; explicitFileType = archive.ar; includeInIndex = 0; path = "libPods-Petulant Adventure.a"; sourceTree = BUILT_PRODUCTS_DIR; };
/* End PBXFileReference section */

/* Begin PBXFrameworksBuildPhase section */
		048EA72D19FC58FE00A98417 /* Frameworks */ = {
			isa = PBXFrameworksBuildPhase;
			buildActionMask = 2147483647;
			files = (
				04A409821A0023B50082889E /* GameKit.framework in Frameworks */,
				267D9AAA5AAE821B67D3B21F /* libPods-Petulant Adventure.a in Frameworks */,
			);
			runOnlyForDeploymentPostprocessing = 0;
		};
		048EA74619FC58FE00A98417 /* Frameworks */ = {
			isa = PBXFrameworksBuildPhase;
			buildActionMask = 2147483647;
			files = (
				CBF4ACFD84ECF8AFC5D67975 /* libPods-Petulant AdventureTests.a in Frameworks */,
			);
			runOnlyForDeploymentPostprocessing = 0;
		};
/* End PBXFrameworksBuildPhase section */

/* Begin PBXGroup section */
		046FB2381A01FBCD0038BE05 /* Protocols */ = {
			isa = PBXGroup;
			children = (
				048CB3471A00B49F00CB2F44 /* DirectionsReceiver.h */,
				04F3E0231A0158D500243F1C /* LocationReceiver.h */,
				048D9E4B1A01D96E00E4BF61 /* MatchmakingDelegate.h */,
				04A409851A0029830082889E /* RaceMapViewDelegate.h */,
				04059F371A00760A00B6F19C /* RaceDelegate.h */,
			);
			name = Protocols;
			sourceTree = "<group>";
		};
		046FB2391A01FBDD0038BE05 /* ViewControllers */ = {
			isa = PBXGroup;
			children = (
				04B6741519FF62C700216D10 /* HomeViewController.h */,
				04B6741619FF62C700216D10 /* HomeViewController.m */,
				04B6741819FF62E400216D10 /* RaceLobbyViewController.h */,
				04B6741919FF62E400216D10 /* RaceLobbyViewController.m */,
				04B6741B19FF62F700216D10 /* CountdownViewController.h */,
				04B6741C19FF62F700216D10 /* CountdownViewController.m */,
				046FB23B1A01FC670038BE05 /* DirectionsViewController.h */,
				046FB23C1A01FC670038BE05 /* DirectionsViewController.m */,
				04B6742119FF632900216D10 /* RaceViewController.h */,
				04B6742219FF632900216D10 /* RaceViewController.m */,
				04B6741E19FF631700216D10 /* FinishLineViewController.h */,
				04B6741F19FF631700216D10 /* FinishLineViewController.m */,
			);
			name = ViewControllers;
			sourceTree = "<group>";
		};
		046FB23A1A01FBF60038BE05 /* Game Flow Managers */ = {
			isa = PBXGroup;
			children = (
				040FD9B319FEEDD000BA1E9A /* DirectionSet.h */,
				040FD9B419FEEDD000BA1E9A /* DirectionSet.m */,
				04A409891A00307F0082889E /* LocationManager.h */,
				04A4098A1A00307F0082889E /* LocationManager.m */,
				04DF356E19FFFEA7005A07C0 /* RaceController.h */,
				04DF356F19FFFEA7005A07C0 /* RaceController.m */,
				04A409861A002CF50082889E /* Player.h */,
				04A409871A002CF50082889E /* Player.m */,
				04A4097E1A001B4C0082889E /* GameCenterController.h */,
				04A4097F1A001B4C0082889E /* GameCenterController.m */,
			);
			name = "Game Flow Managers";
			sourceTree = "<group>";
		};
		048EA72719FC58FE00A98417 = {
			isa = PBXGroup;
			children = (
				048EA73219FC58FE00A98417 /* Petulant Adventure */,
				048EA74C19FC58FE00A98417 /* Petulant AdventureTests */,
				048EA73119FC58FE00A98417 /* Products */,
				F743D919F471B943FA709997 /* Pods */,
				C4B7728B2E44F9046DF0480A /* Frameworks */,
			);
			sourceTree = "<group>";
		};
		048EA73119FC58FE00A98417 /* Products */ = {
			isa = PBXGroup;
			children = (
				048EA73019FC58FE00A98417 /* Petulant Adventure.app */,
				048EA74919FC58FE00A98417 /* Petulant AdventureTests.xctest */,
			);
			name = Products;
			sourceTree = "<group>";
		};
		048EA73219FC58FE00A98417 /* Petulant Adventure */ = {
			isa = PBXGroup;
			children = (
				048EA73719FC58FE00A98417 /* AppDelegate.h */,
				048EA73819FC58FE00A98417 /* AppDelegate.m */,
				040FD9B219FEE6A200BA1E9A /* APIData.h */,
				046FB2381A01FBCD0038BE05 /* Protocols */,
				046FB2391A01FBDD0038BE05 /* ViewControllers */,
				046FB23A1A01FBF60038BE05 /* Game Flow Managers */,
				048EA73D19FC58FE00A98417 /* Main.storyboard */,
				048EA74019FC58FE00A98417 /* Images.xcassets */,
				048EA74219FC58FE00A98417 /* LaunchScreen.xib */,
				048EA73319FC58FE00A98417 /* Supporting Files */,
			);
			path = "Petulant Adventure";
			sourceTree = "<group>";
		};
		048EA73319FC58FE00A98417 /* Supporting Files */ = {
			isa = PBXGroup;
			children = (
				048EA73419FC58FE00A98417 /* Info.plist */,
				048EA73519FC58FE00A98417 /* main.m */,
			);
			name = "Supporting Files";
			sourceTree = "<group>";
		};
		048EA74C19FC58FE00A98417 /* Petulant AdventureTests */ = {
			isa = PBXGroup;
			children = (
				04059F331A005DC300B6F19C /* DirectionSetTests.m */,
				048EA74F19FC58FE00A98417 /* Petulant_AdventureTests.m */,
				048EA74D19FC58FE00A98417 /* Supporting Files */,
			);
			path = "Petulant AdventureTests";
			sourceTree = "<group>";
		};
		048EA74D19FC58FE00A98417 /* Supporting Files */ = {
			isa = PBXGroup;
			children = (
				048EA74E19FC58FE00A98417 /* Info.plist */,
			);
			name = "Supporting Files";
			sourceTree = "<group>";
		};
		C4B7728B2E44F9046DF0480A /* Frameworks */ = {
			isa = PBXGroup;
			children = (
				04A409811A0023B50082889E /* GameKit.framework */,
				F80CA85EFCD593BF885A2E7A /* libPods-Petulant Adventure.a */,
				E310B610CD9775C9DBB3D8DB /* libPods-Petulant AdventureTests.a */,
			);
			name = Frameworks;
			sourceTree = "<group>";
		};
		F743D919F471B943FA709997 /* Pods */ = {
			isa = PBXGroup;
			children = (
				5409F9C116721108114BBC8E /* Pods-Petulant Adventure.debug.xcconfig */,
				8514AD90D02CD6CED5F868C8 /* Pods-Petulant Adventure.release.xcconfig */,
				04BA7389E57278FFC187BA58 /* Pods-Petulant AdventureTests.debug.xcconfig */,
				A98139B4FC886145AFC29C66 /* Pods-Petulant AdventureTests.release.xcconfig */,
			);
			name = Pods;
			sourceTree = "<group>";
		};
/* End PBXGroup section */

/* Begin PBXNativeTarget section */
		048EA72F19FC58FE00A98417 /* Petulant Adventure */ = {
			isa = PBXNativeTarget;
			buildConfigurationList = 048EA75319FC58FE00A98417 /* Build configuration list for PBXNativeTarget "Petulant Adventure" */;
			buildPhases = (
				8650A29E6EC437F752662629 /* Check Pods Manifest.lock */,
				048EA72C19FC58FE00A98417 /* Sources */,
				048EA72D19FC58FE00A98417 /* Frameworks */,
				048EA72E19FC58FE00A98417 /* Resources */,
				169561DE7930AB1C285F08F5 /* Copy Pods Resources */,
			);
			buildRules = (
			);
			dependencies = (
			);
			name = "Petulant Adventure";
			productName = "Petulant Adventure";
			productReference = 048EA73019FC58FE00A98417 /* Petulant Adventure.app */;
			productType = "com.apple.product-type.application";
		};
		048EA74819FC58FE00A98417 /* Petulant AdventureTests */ = {
			isa = PBXNativeTarget;
			buildConfigurationList = 048EA75619FC58FE00A98417 /* Build configuration list for PBXNativeTarget "Petulant AdventureTests" */;
			buildPhases = (
				40001116A83B0B479ABE69D6 /* Check Pods Manifest.lock */,
				048EA74519FC58FE00A98417 /* Sources */,
				048EA74619FC58FE00A98417 /* Frameworks */,
				048EA74719FC58FE00A98417 /* Resources */,
				2F41A69C9371CAD3D786A971 /* Copy Pods Resources */,
			);
			buildRules = (
			);
			dependencies = (
				048EA74B19FC58FE00A98417 /* PBXTargetDependency */,
			);
			name = "Petulant AdventureTests";
			productName = "Petulant AdventureTests";
			productReference = 048EA74919FC58FE00A98417 /* Petulant AdventureTests.xctest */;
			productType = "com.apple.product-type.bundle.unit-test";
		};
/* End PBXNativeTarget section */

/* Begin PBXProject section */
		048EA72819FC58FE00A98417 /* Project object */ = {
			isa = PBXProject;
			attributes = {
				LastUpgradeCheck = 0610;
				ORGANIZATIONNAME = "Jack Serrino";
				TargetAttributes = {
					048EA72F19FC58FE00A98417 = {
						CreatedOnToolsVersion = 6.1;
						DevelopmentTeam = D263U7MF75;
					};
					048EA74819FC58FE00A98417 = {
						CreatedOnToolsVersion = 6.1;
						TestTargetID = 048EA72F19FC58FE00A98417;
					};
				};
			};
			buildConfigurationList = 048EA72B19FC58FE00A98417 /* Build configuration list for PBXProject "Petulant Adventure" */;
			compatibilityVersion = "Xcode 3.2";
			developmentRegion = English;
			hasScannedForEncodings = 0;
			knownRegions = (
				en,
				Base,
			);
			mainGroup = 048EA72719FC58FE00A98417;
			productRefGroup = 048EA73119FC58FE00A98417 /* Products */;
			projectDirPath = "";
			projectRoot = "";
			targets = (
				048EA72F19FC58FE00A98417 /* Petulant Adventure */,
				048EA74819FC58FE00A98417 /* Petulant AdventureTests */,
			);
		};
/* End PBXProject section */

/* Begin PBXResourcesBuildPhase section */
		048EA72E19FC58FE00A98417 /* Resources */ = {
			isa = PBXResourcesBuildPhase;
			buildActionMask = 2147483647;
			files = (
				048EA73F19FC58FE00A98417 /* Main.storyboard in Resources */,
				048EA74419FC58FE00A98417 /* LaunchScreen.xib in Resources */,
				048EA74119FC58FE00A98417 /* Images.xcassets in Resources */,
			);
			runOnlyForDeploymentPostprocessing = 0;
		};
		048EA74719FC58FE00A98417 /* Resources */ = {
			isa = PBXResourcesBuildPhase;
			buildActionMask = 2147483647;
			files = (
			);
			runOnlyForDeploymentPostprocessing = 0;
		};
/* End PBXResourcesBuildPhase section */

/* Begin PBXShellScriptBuildPhase section */
		169561DE7930AB1C285F08F5 /* Copy Pods Resources */ = {
			isa = PBXShellScriptBuildPhase;
			buildActionMask = 2147483647;
			files = (
			);
			inputPaths = (
			);
			name = "Copy Pods Resources";
			outputPaths = (
			);
			runOnlyForDeploymentPostprocessing = 0;
			shellPath = /bin/sh;
			shellScript = "\"${SRCROOT}/Pods/Target Support Files/Pods-Petulant Adventure/Pods-Petulant Adventure-resources.sh\"\n";
			showEnvVarsInLog = 0;
		};
		2F41A69C9371CAD3D786A971 /* Copy Pods Resources */ = {
			isa = PBXShellScriptBuildPhase;
			buildActionMask = 2147483647;
			files = (
			);
			inputPaths = (
			);
			name = "Copy Pods Resources";
			outputPaths = (
			);
			runOnlyForDeploymentPostprocessing = 0;
			shellPath = /bin/sh;
			shellScript = "\"${SRCROOT}/Pods/Target Support Files/Pods-Petulant AdventureTests/Pods-Petulant AdventureTests-resources.sh\"\n";
			showEnvVarsInLog = 0;
		};
		40001116A83B0B479ABE69D6 /* Check Pods Manifest.lock */ = {
			isa = PBXShellScriptBuildPhase;
			buildActionMask = 2147483647;
			files = (
			);
			inputPaths = (
			);
			name = "Check Pods Manifest.lock";
			outputPaths = (
			);
			runOnlyForDeploymentPostprocessing = 0;
			shellPath = /bin/sh;
			shellScript = "diff \"${PODS_ROOT}/../Podfile.lock\" \"${PODS_ROOT}/Manifest.lock\" > /dev/null\nif [[ $? != 0 ]] ; then\n    cat << EOM\nerror: The sandbox is not in sync with the Podfile.lock. Run 'pod install' or update your CocoaPods installation.\nEOM\n    exit 1\nfi\n";
			showEnvVarsInLog = 0;
		};
		8650A29E6EC437F752662629 /* Check Pods Manifest.lock */ = {
			isa = PBXShellScriptBuildPhase;
			buildActionMask = 2147483647;
			files = (
			);
			inputPaths = (
			);
			name = "Check Pods Manifest.lock";
			outputPaths = (
			);
			runOnlyForDeploymentPostprocessing = 0;
			shellPath = /bin/sh;
			shellScript = "diff \"${PODS_ROOT}/../Podfile.lock\" \"${PODS_ROOT}/Manifest.lock\" > /dev/null\nif [[ $? != 0 ]] ; then\n    cat << EOM\nerror: The sandbox is not in sync with the Podfile.lock. Run 'pod install' or update your CocoaPods installation.\nEOM\n    exit 1\nfi\n";
			showEnvVarsInLog = 0;
		};
/* End PBXShellScriptBuildPhase section */

/* Begin PBXSourcesBuildPhase section */
		048EA72C19FC58FE00A98417 /* Sources */ = {
			isa = PBXSourcesBuildPhase;
			buildActionMask = 2147483647;
			files = (
				04A4098B1A00307F0082889E /* LocationManager.m in Sources */,
				048EA73919FC58FE00A98417 /* AppDelegate.m in Sources */,
				04B6742319FF632900216D10 /* RaceViewController.m in Sources */,
				04A409801A001B4C0082889E /* GameCenterController.m in Sources */,
				04B6741A19FF62E400216D10 /* RaceLobbyViewController.m in Sources */,
				046FB23D1A01FC670038BE05 /* DirectionsViewController.m in Sources */,
				040FD9B519FEEDD000BA1E9A /* DirectionSet.m in Sources */,
				04B6741719FF62C700216D10 /* HomeViewController.m in Sources */,
				04A409881A002CF50082889E /* Player.m in Sources */,
				04DF357019FFFEA7005A07C0 /* RaceController.m in Sources */,
				04B6742019FF631700216D10 /* FinishLineViewController.m in Sources */,
				04B6741D19FF62F700216D10 /* CountdownViewController.m in Sources */,
				048EA73619FC58FE00A98417 /* main.m in Sources */,
			);
			runOnlyForDeploymentPostprocessing = 0;
		};
		048EA74519FC58FE00A98417 /* Sources */ = {
			isa = PBXSourcesBuildPhase;
			buildActionMask = 2147483647;
			files = (
				040FD9B619FEEDD000BA1E9A /* DirectionSet.m in Sources */,
				048EA75019FC58FE00A98417 /* Petulant_AdventureTests.m in Sources */,
				04059F341A005DC300B6F19C /* DirectionSetTests.m in Sources */,
				04DF357119FFFEA7005A07C0 /* RaceController.m in Sources */,
			);
			runOnlyForDeploymentPostprocessing = 0;
		};
/* End PBXSourcesBuildPhase section */

/* Begin PBXTargetDependency section */
		048EA74B19FC58FE00A98417 /* PBXTargetDependency */ = {
			isa = PBXTargetDependency;
			target = 048EA72F19FC58FE00A98417 /* Petulant Adventure */;
			targetProxy = 048EA74A19FC58FE00A98417 /* PBXContainerItemProxy */;
		};
/* End PBXTargetDependency section */

/* Begin PBXVariantGroup section */
		048EA73D19FC58FE00A98417 /* Main.storyboard */ = {
			isa = PBXVariantGroup;
			children = (
				048EA73E19FC58FE00A98417 /* Base */,
			);
			name = Main.storyboard;
			sourceTree = "<group>";
		};
		048EA74219FC58FE00A98417 /* LaunchScreen.xib */ = {
			isa = PBXVariantGroup;
			children = (
				048EA74319FC58FE00A98417 /* Base */,
			);
			name = LaunchScreen.xib;
			sourceTree = "<group>";
		};
/* End PBXVariantGroup section */

/* Begin XCBuildConfiguration section */
		048EA75119FC58FE00A98417 /* Debug */ = {
			isa = XCBuildConfiguration;
			buildSettings = {
				ALWAYS_SEARCH_USER_PATHS = NO;
				CLANG_CXX_LANGUAGE_STANDARD = "gnu++0x";
				CLANG_CXX_LIBRARY = "libc++";
				CLANG_ENABLE_MODULES = YES;
				CLANG_ENABLE_OBJC_ARC = YES;
				CLANG_WARN_BOOL_CONVERSION = YES;
				CLANG_WARN_CONSTANT_CONVERSION = YES;
				CLANG_WARN_DIRECT_OBJC_ISA_USAGE = YES_ERROR;
				CLANG_WARN_EMPTY_BODY = YES;
				CLANG_WARN_ENUM_CONVERSION = YES;
				CLANG_WARN_INT_CONVERSION = YES;
				CLANG_WARN_OBJC_ROOT_CLASS = YES_ERROR;
				CLANG_WARN_UNREACHABLE_CODE = YES;
				CLANG_WARN__DUPLICATE_METHOD_MATCH = YES;
				"CODE_SIGN_IDENTITY[sdk=iphoneos*]" = "iPhone Developer";
				COPY_PHASE_STRIP = NO;
				ENABLE_STRICT_OBJC_MSGSEND = YES;
				GCC_C_LANGUAGE_STANDARD = gnu99;
				GCC_DYNAMIC_NO_PIC = NO;
				GCC_OPTIMIZATION_LEVEL = 0;
				GCC_PREPROCESSOR_DEFINITIONS = (
					"DEBUG=1",
					"$(inherited)",
				);
				GCC_SYMBOLS_PRIVATE_EXTERN = NO;
				GCC_WARN_64_TO_32_BIT_CONVERSION = YES;
				GCC_WARN_ABOUT_RETURN_TYPE = YES_ERROR;
				GCC_WARN_UNDECLARED_SELECTOR = YES;
				GCC_WARN_UNINITIALIZED_AUTOS = YES_AGGRESSIVE;
				GCC_WARN_UNUSED_FUNCTION = YES;
				GCC_WARN_UNUSED_VARIABLE = YES;
				IPHONEOS_DEPLOYMENT_TARGET = 8.1;
				MTL_ENABLE_DEBUG_INFO = YES;
				ONLY_ACTIVE_ARCH = YES;
				SDKROOT = iphoneos;
			};
			name = Debug;
		};
		048EA75219FC58FE00A98417 /* Release */ = {
			isa = XCBuildConfiguration;
			buildSettings = {
				ALWAYS_SEARCH_USER_PATHS = NO;
				CLANG_CXX_LANGUAGE_STANDARD = "gnu++0x";
				CLANG_CXX_LIBRARY = "libc++";
				CLANG_ENABLE_MODULES = YES;
				CLANG_ENABLE_OBJC_ARC = YES;
				CLANG_WARN_BOOL_CONVERSION = YES;
				CLANG_WARN_CONSTANT_CONVERSION = YES;
				CLANG_WARN_DIRECT_OBJC_ISA_USAGE = YES_ERROR;
				CLANG_WARN_EMPTY_BODY = YES;
				CLANG_WARN_ENUM_CONVERSION = YES;
				CLANG_WARN_INT_CONVERSION = YES;
				CLANG_WARN_OBJC_ROOT_CLASS = YES_ERROR;
				CLANG_WARN_UNREACHABLE_CODE = YES;
				CLANG_WARN__DUPLICATE_METHOD_MATCH = YES;
				"CODE_SIGN_IDENTITY[sdk=iphoneos*]" = "iPhone Developer";
				COPY_PHASE_STRIP = YES;
				ENABLE_NS_ASSERTIONS = NO;
				ENABLE_STRICT_OBJC_MSGSEND = YES;
				GCC_C_LANGUAGE_STANDARD = gnu99;
				GCC_WARN_64_TO_32_BIT_CONVERSION = YES;
				GCC_WARN_ABOUT_RETURN_TYPE = YES_ERROR;
				GCC_WARN_UNDECLARED_SELECTOR = YES;
				GCC_WARN_UNINITIALIZED_AUTOS = YES_AGGRESSIVE;
				GCC_WARN_UNUSED_FUNCTION = YES;
				GCC_WARN_UNUSED_VARIABLE = YES;
				IPHONEOS_DEPLOYMENT_TARGET = 8.1;
				MTL_ENABLE_DEBUG_INFO = NO;
				SDKROOT = iphoneos;
				VALIDATE_PRODUCT = YES;
			};
			name = Release;
		};
		048EA75419FC58FE00A98417 /* Debug */ = {
			isa = XCBuildConfiguration;
			baseConfigurationReference = 5409F9C116721108114BBC8E /* Pods-Petulant Adventure.debug.xcconfig */;
			buildSettings = {
				ASSETCATALOG_COMPILER_APPICON_NAME = AppIcon;
				INFOPLIST_FILE = "Petulant Adventure/Info.plist";
				LD_RUNPATH_SEARCH_PATHS = "$(inherited) @executable_path/Frameworks";
				PRODUCT_NAME = "$(TARGET_NAME)";
			};
			name = Debug;
		};
		048EA75519FC58FE00A98417 /* Release */ = {
			isa = XCBuildConfiguration;
			baseConfigurationReference = 8514AD90D02CD6CED5F868C8 /* Pods-Petulant Adventure.release.xcconfig */;
			buildSettings = {
				ASSETCATALOG_COMPILER_APPICON_NAME = AppIcon;
				INFOPLIST_FILE = "Petulant Adventure/Info.plist";
				LD_RUNPATH_SEARCH_PATHS = "$(inherited) @executable_path/Frameworks";
				PRODUCT_NAME = "$(TARGET_NAME)";
			};
			name = Release;
		};
		048EA75719FC58FE00A98417 /* Debug */ = {
			isa = XCBuildConfiguration;
			baseConfigurationReference = 04BA7389E57278FFC187BA58 /* Pods-Petulant AdventureTests.debug.xcconfig */;
			buildSettings = {
				BUNDLE_LOADER = "$(TEST_HOST)";
				FRAMEWORK_SEARCH_PATHS = (
					"$(SDKROOT)/Developer/Library/Frameworks",
					"$(inherited)",
				);
				GCC_PREPROCESSOR_DEFINITIONS = (
					"DEBUG=1",
					"$(inherited)",
				);
				INFOPLIST_FILE = "Petulant AdventureTests/Info.plist";
				LD_RUNPATH_SEARCH_PATHS = "$(inherited) @executable_path/Frameworks @loader_path/Frameworks";
				PRODUCT_NAME = "$(TARGET_NAME)";
				TEST_HOST = "$(BUILT_PRODUCTS_DIR)/Petulant Adventure.app/Petulant Adventure";
			};
			name = Debug;
		};
		048EA75819FC58FE00A98417 /* Release */ = {
			isa = XCBuildConfiguration;
			baseConfigurationReference = A98139B4FC886145AFC29C66 /* Pods-Petulant AdventureTests.release.xcconfig */;
			buildSettings = {
				BUNDLE_LOADER = "$(TEST_HOST)";
				FRAMEWORK_SEARCH_PATHS = (
					"$(SDKROOT)/Developer/Library/Frameworks",
					"$(inherited)",
				);
				INFOPLIST_FILE = "Petulant AdventureTests/Info.plist";
				LD_RUNPATH_SEARCH_PATHS = "$(inherited) @executable_path/Frameworks @loader_path/Frameworks";
				PRODUCT_NAME = "$(TARGET_NAME)";
				TEST_HOST = "$(BUILT_PRODUCTS_DIR)/Petulant Adventure.app/Petulant Adventure";
			};
			name = Release;
		};
/* End XCBuildConfiguration section */

/* Begin XCConfigurationList section */
		048EA72B19FC58FE00A98417 /* Build configuration list for PBXProject "Petulant Adventure" */ = {
			isa = XCConfigurationList;
			buildConfigurations = (
				048EA75119FC58FE00A98417 /* Debug */,
				048EA75219FC58FE00A98417 /* Release */,
			);
			defaultConfigurationIsVisible = 0;
			defaultConfigurationName = Release;
		};
		048EA75319FC58FE00A98417 /* Build configuration list for PBXNativeTarget "Petulant Adventure" */ = {
			isa = XCConfigurationList;
			buildConfigurations = (
				048EA75419FC58FE00A98417 /* Debug */,
				048EA75519FC58FE00A98417 /* Release */,
			);
			defaultConfigurationIsVisible = 0;
			defaultConfigurationName = Release;
		};
		048EA75619FC58FE00A98417 /* Build configuration list for PBXNativeTarget "Petulant AdventureTests" */ = {
			isa = XCConfigurationList;
			buildConfigurations = (
				048EA75719FC58FE00A98417 /* Debug */,
				048EA75819FC58FE00A98417 /* Release */,
			);
			defaultConfigurationIsVisible = 0;
			defaultConfigurationName = Release;
		};
/* End XCConfigurationList section */
	};
	rootObject = 048EA72819FC58FE00A98417 /* Project object */;
}
